// !$*UTF8*$!
{
	archiveVersion = 1;
	classes = {
	};
	objectVersion = 46;
	objects = {

/* Begin PBXBuildFile section */
		3C69593F1914100D0033C56E /* Foundation.framework in Frameworks */ = {isa = PBXBuildFile; fileRef = 3C69593E1914100D0033C56E /* Foundation.framework */; };
		3C6959411914100D0033C56E /* CoreGraphics.framework in Frameworks */ = {isa = PBXBuildFile; fileRef = 3C6959401914100D0033C56E /* CoreGraphics.framework */; };
		3C6959431914100D0033C56E /* UIKit.framework in Frameworks */ = {isa = PBXBuildFile; fileRef = 3C6959421914100D0033C56E /* UIKit.framework */; };
		3C6959491914100D0033C56E /* InfoPlist.strings in Resources */ = {isa = PBXBuildFile; fileRef = 3C6959471914100D0033C56E /* InfoPlist.strings */; };
		3C69594B1914100D0033C56E /* main.m in Sources */ = {isa = PBXBuildFile; fileRef = 3C69594A1914100D0033C56E /* main.m */; };
		3C69594F1914100D0033C56E /* AppDelegate.m in Sources */ = {isa = PBXBuildFile; fileRef = 3C69594E1914100D0033C56E /* AppDelegate.m */; };
		3C6959511914100D0033C56E /* Images.xcassets in Resources */ = {isa = PBXBuildFile; fileRef = 3C6959501914100D0033C56E /* Images.xcassets */; };
		3C6959581914100D0033C56E /* XCTest.framework in Frameworks */ = {isa = PBXBuildFile; fileRef = 3C6959571914100D0033C56E /* XCTest.framework */; };
		3C6959591914100D0033C56E /* Foundation.framework in Frameworks */ = {isa = PBXBuildFile; fileRef = 3C69593E1914100D0033C56E /* Foundation.framework */; };
		3C69595A1914100D0033C56E /* UIKit.framework in Frameworks */ = {isa = PBXBuildFile; fileRef = 3C6959421914100D0033C56E /* UIKit.framework */; };
		3C695970191410470033C56E /* TestTableViewController.m in Sources */ = {isa = PBXBuildFile; fileRef = 3C69596F191410470033C56E /* TestTableViewController.m */; };
		3C69597F19141EDA0033C56E /* QuartzCore.framework in Frameworks */ = {isa = PBXBuildFile; fileRef = 3C69597E19141EDA0033C56E /* QuartzCore.framework */; };
		3C8744741914468F00745774 /* mask.png in Resources */ = {isa = PBXBuildFile; fileRef = 3C8744701914468F00745774 /* mask.png */; };
		3C8744751914468F00745774 /* mask@2x.png in Resources */ = {isa = PBXBuildFile; fileRef = 3C8744711914468F00745774 /* mask@2x.png */; };
		3C8744761914468F00745774 /* TTTimeScroller.m in Sources */ = {isa = PBXBuildFile; fileRef = 3C8744731914468F00745774 /* TTTimeScroller.m */; };
/* End PBXBuildFile section */

/* Begin PBXContainerItemProxy section */
		3C69595B1914100D0033C56E /* PBXContainerItemProxy */ = {
			isa = PBXContainerItemProxy;
			containerPortal = 3C6959331914100D0033C56E /* Project object */;
			proxyType = 1;
			remoteGlobalIDString = 3C69593A1914100D0033C56E;
			remoteInfo = timescroller;
		};
/* End PBXContainerItemProxy section */

/* Begin PBXFileReference section */
		3C69593B1914100D0033C56E /* timescroller.app */ = {isa = PBXFileReference; explicitFileType = wrapper.application; includeInIndex = 0; path = timescroller.app; sourceTree = BUILT_PRODUCTS_DIR; };
		3C69593E1914100D0033C56E /* Foundation.framework */ = {isa = PBXFileReference; lastKnownFileType = wrapper.framework; name = Foundation.framework; path = System/Library/Frameworks/Foundation.framework; sourceTree = SDKROOT; };
		3C6959401914100D0033C56E /* CoreGraphics.framework */ = {isa = PBXFileReference; lastKnownFileType = wrapper.framework; name = CoreGraphics.framework; path = System/Library/Frameworks/CoreGraphics.framework; sourceTree = SDKROOT; };
		3C6959421914100D0033C56E /* UIKit.framework */ = {isa = PBXFileReference; lastKnownFileType = wrapper.framework; name = UIKit.framework; path = System/Library/Frameworks/UIKit.framework; sourceTree = SDKROOT; };
		3C6959461914100D0033C56E /* timescroller-Info.plist */ = {isa = PBXFileReference; lastKnownFileType = text.plist.xml; path = "timescroller-Info.plist"; sourceTree = "<group>"; };
		3C6959481914100D0033C56E /* en */ = {isa = PBXFileReference; lastKnownFileType = text.plist.strings; name = en; path = en.lproj/InfoPlist.strings; sourceTree = "<group>"; };
		3C69594A1914100D0033C56E /* main.m */ = {isa = PBXFileReference; lastKnownFileType = sourcecode.c.objc; path = main.m; sourceTree = "<group>"; };
		3C69594C1914100D0033C56E /* timescroller-Prefix.pch */ = {isa = PBXFileReference; lastKnownFileType = sourcecode.c.h; path = "timescroller-Prefix.pch"; sourceTree = "<group>"; };
		3C69594D1914100D0033C56E /* AppDelegate.h */ = {isa = PBXFileReference; lastKnownFileType = sourcecode.c.h; path = AppDelegate.h; sourceTree = "<group>"; };
		3C69594E1914100D0033C56E /* AppDelegate.m */ = {isa = PBXFileReference; lastKnownFileType = sourcecode.c.objc; path = AppDelegate.m; sourceTree = "<group>"; };
		3C6959501914100D0033C56E /* Images.xcassets */ = {isa = PBXFileReference; lastKnownFileType = folder.assetcatalog; path = Images.xcassets; sourceTree = "<group>"; };
		3C6959561914100D0033C56E /* timescrollerTests.xctest */ = {isa = PBXFileReference; explicitFileType = wrapper.cfbundle; includeInIndex = 0; path = timescrollerTests.xctest; sourceTree = BUILT_PRODUCTS_DIR; };
		3C6959571914100D0033C56E /* XCTest.framework */ = {isa = PBXFileReference; lastKnownFileType = wrapper.framework; name = XCTest.framework; path = Library/Frameworks/XCTest.framework; sourceTree = DEVELOPER_DIR; };
		3C69596E191410470033C56E /* TestTableViewController.h */ = {isa = PBXFileReference; fileEncoding = 4; lastKnownFileType = sourcecode.c.h; name = TestTableViewController.h; path = ViewController/TestTableViewController.h; sourceTree = "<group>"; };
		3C69596F191410470033C56E /* TestTableViewController.m */ = {isa = PBXFileReference; fileEncoding = 4; lastKnownFileType = sourcecode.c.objc; name = TestTableViewController.m; path = ViewController/TestTableViewController.m; sourceTree = "<group>"; };
		3C69597E19141EDA0033C56E /* QuartzCore.framework */ = {isa = PBXFileReference; lastKnownFileType = wrapper.framework; name = QuartzCore.framework; path = System/Library/Frameworks/QuartzCore.framework; sourceTree = SDKROOT; };
		3C8744701914468F00745774 /* mask.png */ = {isa = PBXFileReference; lastKnownFileType = image.png; path = mask.png; sourceTree = "<group>"; };
		3C8744711914468F00745774 /* mask@2x.png */ = {isa = PBXFileReference; lastKnownFileType = image.png; path = "mask@2x.png"; sourceTree = "<group>"; };
		3C8744721914468F00745774 /* TTTimeScroller.h */ = {isa = PBXFileReference; fileEncoding = 4; lastKnownFileType = sourcecode.c.h; path = TTTimeScroller.h; sourceTree = "<group>"; };
		3C8744731914468F00745774 /* TTTimeScroller.m */ = {isa = PBXFileReference; fileEncoding = 4; lastKnownFileType = sourcecode.c.objc; path = TTTimeScroller.m; sourceTree = "<group>"; };
/* End PBXFileReference section */

/* Begin PBXFrameworksBuildPhase section */
		3C6959381914100D0033C56E /* Frameworks */ = {
			isa = PBXFrameworksBuildPhase;
			buildActionMask = 2147483647;
			files = (
				3C69597F19141EDA0033C56E /* QuartzCore.framework in Frameworks */,
				3C6959411914100D0033C56E /* CoreGraphics.framework in Frameworks */,
				3C6959431914100D0033C56E /* UIKit.framework in Frameworks */,
				3C69593F1914100D0033C56E /* Foundation.framework in Frameworks */,
			);
			runOnlyForDeploymentPostprocessing = 0;
		};
		3C6959531914100D0033C56E /* Frameworks */ = {
			isa = PBXFrameworksBuildPhase;
			buildActionMask = 2147483647;
			files = (
				3C6959581914100D0033C56E /* XCTest.framework in Frameworks */,
				3C69595A1914100D0033C56E /* UIKit.framework in Frameworks */,
				3C6959591914100D0033C56E /* Foundation.framework in Frameworks */,
			);
			runOnlyForDeploymentPostprocessing = 0;
		};
/* End PBXFrameworksBuildPhase section */

/* Begin PBXGroup section */
		3C6959321914100D0033C56E = {
			isa = PBXGroup;
			children = (
				3C6959441914100D0033C56E /* timescroller */,
				3C6959401914100D0033C56E /* CoreGraphics.framework */,
				3C69593D1914100D0033C56E /* Frameworks */,
				3C69593C1914100D0033C56E /* Products */,
			);
			sourceTree = "<group>";
		};
		3C69593C1914100D0033C56E /* Products */ = {
			isa = PBXGroup;
			children = (
				3C69593B1914100D0033C56E /* timescroller.app */,
				3C6959561914100D0033C56E /* timescrollerTests.xctest */,
			);
			name = Products;
			sourceTree = "<group>";
		};
		3C69593D1914100D0033C56E /* Frameworks */ = {
			isa = PBXGroup;
			children = (
				3C69597E19141EDA0033C56E /* QuartzCore.framework */,
				3C69593E1914100D0033C56E /* Foundation.framework */,
				3C6959421914100D0033C56E /* UIKit.framework */,
				3C6959571914100D0033C56E /* XCTest.framework */,
			);
			name = Frameworks;
			sourceTree = "<group>";
		};
		3C6959441914100D0033C56E /* timescroller */ = {
			isa = PBXGroup;
			children = (
				3C87446E1914468F00745774 /* TTTimeScroller */,
				3C69596D191410290033C56E /* ViewController */,
				3C69594D1914100D0033C56E /* AppDelegate.h */,
				3C69594E1914100D0033C56E /* AppDelegate.m */,
				3C6959501914100D0033C56E /* Images.xcassets */,
				3C6959451914100D0033C56E /* Supporting Files */,
			);
			path = timescroller;
			sourceTree = "<group>";
		};
		3C6959451914100D0033C56E /* Supporting Files */ = {
			isa = PBXGroup;
			children = (
				3C6959461914100D0033C56E /* timescroller-Info.plist */,
				3C6959471914100D0033C56E /* InfoPlist.strings */,
				3C69594A1914100D0033C56E /* main.m */,
				3C69594C1914100D0033C56E /* timescroller-Prefix.pch */,
			);
			name = "Supporting Files";
			sourceTree = "<group>";
		};
		3C69596D191410290033C56E /* ViewController */ = {
			isa = PBXGroup;
			children = (
				3C69596E191410470033C56E /* TestTableViewController.h */,
				3C69596F191410470033C56E /* TestTableViewController.m */,
			);
			name = ViewController;
			sourceTree = "<group>";
		};
		3C87446E1914468F00745774 /* TTTimeScroller */ = {
			isa = PBXGroup;
			children = (
				3C87446F1914468F00745774 /* Assets */,
				3C8744721914468F00745774 /* TTTimeScroller.h */,
				3C8744731914468F00745774 /* TTTimeScroller.m */,
			);
			name = TTTimeScroller;
			path = ../../TTTimeScroller;
			sourceTree = "<group>";
		};
		3C87446F1914468F00745774 /* Assets */ = {
			isa = PBXGroup;
			children = (
				3C8744701914468F00745774 /* mask.png */,
				3C8744711914468F00745774 /* mask@2x.png */,
			);
			path = Assets;
			sourceTree = "<group>";
		};
/* End PBXGroup section */

/* Begin PBXNativeTarget section */
		3C69593A1914100D0033C56E /* timescroller */ = {
			isa = PBXNativeTarget;
			buildConfigurationList = 3C6959671914100D0033C56E /* Build configuration list for PBXNativeTarget "timescroller" */;
			buildPhases = (
				3C6959371914100D0033C56E /* Sources */,
				3C6959381914100D0033C56E /* Frameworks */,
				3C6959391914100D0033C56E /* Resources */,
			);
			buildRules = (
			);
			dependencies = (
			);
			name = timescroller;
			productName = timescroller;
			productReference = 3C69593B1914100D0033C56E /* timescroller.app */;
			productType = "com.apple.product-type.application";
		};
		3C6959551914100D0033C56E /* timescrollerTests */ = {
			isa = PBXNativeTarget;
			buildConfigurationList = 3C69596A1914100D0033C56E /* Build configuration list for PBXNativeTarget "timescrollerTests" */;
			buildPhases = (
				3C6959521914100D0033C56E /* Sources */,
				3C6959531914100D0033C56E /* Frameworks */,
				3C6959541914100D0033C56E /* Resources */,
			);
			buildRules = (
			);
			dependencies = (
				3C69595C1914100D0033C56E /* PBXTargetDependency */,
			);
			name = timescrollerTests;
			productName = timescrollerTests;
			productReference = 3C6959561914100D0033C56E /* timescrollerTests.xctest */;
			productType = "com.apple.product-type.bundle.unit-test";
		};
/* End PBXNativeTarget section */

/* Begin PBXProject section */
		3C6959331914100D0033C56E /* Project object */ = {
			isa = PBXProject;
			attributes = {
				LastUpgradeCheck = 0510;
				ORGANIZATIONNAME = "Tobias Tiemerding";
				TargetAttributes = {
					3C6959551914100D0033C56E = {
						TestTargetID = 3C69593A1914100D0033C56E;
					};
				};
			};
			buildConfigurationList = 3C6959361914100D0033C56E /* Build configuration list for PBXProject "timescroller" */;
			compatibilityVersion = "Xcode 3.2";
			developmentRegion = English;
			hasScannedForEncodings = 0;
			knownRegions = (
				en,
			);
			mainGroup = 3C6959321914100D0033C56E;
			productRefGroup = 3C69593C1914100D0033C56E /* Products */;
			projectDirPath = "";
			projectRoot = "";
			targets = (
				3C69593A1914100D0033C56E /* timescroller */,
				3C6959551914100D0033C56E /* timescrollerTests */,
			);
		};
/* End PBXProject section */

/* Begin PBXResourcesBuildPhase section */
		3C6959391914100D0033C56E /* Resources */ = {
			isa = PBXResourcesBuildPhase;
			buildActionMask = 2147483647;
			files = (
				3C8744751914468F00745774 /* mask@2x.png in Resources */,
				3C6959491914100D0033C56E /* InfoPlist.strings in Resources */,
				3C6959511914100D0033C56E /* Images.xcassets in Resources */,
				3C8744741914468F00745774 /* mask.png in Resources */,
			);
			runOnlyForDeploymentPostprocessing = 0;
		};
		3C6959541914100D0033C56E /* Resources */ = {
			isa = PBXResourcesBuildPhase;
			buildActionMask = 2147483647;
			files = (
			);
			runOnlyForDeploymentPostprocessing = 0;
		};
/* End PBXResourcesBuildPhase section */

/* Begin PBXSourcesBuildPhase section */
		3C6959371914100D0033C56E /* Sources */ = {
			isa = PBXSourcesBuildPhase;
			buildActionMask = 2147483647;
			files = (
				3C8744761914468F00745774 /* TTTimeScroller.m in Sources */,
				3C695970191410470033C56E /* TestTableViewController.m in Sources */,
				3C69594F1914100D0033C56E /* AppDelegate.m in Sources */,
				3C69594B1914100D0033C56E /* main.m in Sources */,
			);
			runOnlyForDeploymentPostprocessing = 0;
		};
		3C6959521914100D0033C56E /* Sources */ = {
			isa = PBXSourcesBuildPhase;
			buildActionMask = 2147483647;
			files = (
			);
			runOnlyForDeploymentPostprocessing = 0;
		};
/* End PBXSourcesBuildPhase section */

/* Begin PBXTargetDependency section */
		3C69595C1914100D0033C56E /* PBXTargetDependency */ = {
			isa = PBXTargetDependency;
			target = 3C69593A1914100D0033C56E /* timescroller */;
			targetProxy = 3C69595B1914100D0033C56E /* PBXContainerItemProxy */;
		};
/* End PBXTargetDependency section */

/* Begin PBXVariantGroup section */
		3C6959471914100D0033C56E /* InfoPlist.strings */ = {
			isa = PBXVariantGroup;
			children = (
				3C6959481914100D0033C56E /* en */,
			);
			name = InfoPlist.strings;
			sourceTree = "<group>";
		};
/* End PBXVariantGroup section */

/* Begin XCBuildConfiguration section */
		3C6959651914100D0033C56E /* Debug */ = {
			isa = XCBuildConfiguration;
			buildSettings = {
				ALWAYS_SEARCH_USER_PATHS = NO;
				CLANG_CXX_LANGUAGE_STANDARD = "gnu++0x";
				CLANG_CXX_LIBRARY = "libc++";
				CLANG_ENABLE_MODULES = YES;
				CLANG_ENABLE_OBJC_ARC = YES;
				CLANG_WARN_BOOL_CONVERSION = YES;
				CLANG_WARN_CONSTANT_CONVERSION = YES;
				CLANG_WARN_DIRECT_OBJC_ISA_USAGE = YES_ERROR;
				CLANG_WARN_EMPTY_BODY = YES;
				CLANG_WARN_ENUM_CONVERSION = YES;
				CLANG_WARN_INT_CONVERSION = YES;
				CLANG_WARN_OBJC_ROOT_CLASS = YES_ERROR;
				CLANG_WARN__DUPLICATE_METHOD_MATCH = YES;
				"CODE_SIGN_IDENTITY[sdk=iphoneos*]" = "iPhone Developer";
				COPY_PHASE_STRIP = NO;
				GCC_C_LANGUAGE_STANDARD = gnu99;
				GCC_DYNAMIC_NO_PIC = NO;
				GCC_OPTIMIZATION_LEVEL = 0;
				GCC_PREPROCESSOR_DEFINITIONS = (
					"DEBUG=1",
					"$(inherited)",
				);
				GCC_SYMBOLS_PRIVATE_EXTERN = NO;
				GCC_WARN_64_TO_32_BIT_CONVERSION = YES;
				GCC_WARN_ABOUT_RETURN_TYPE = YES_ERROR;
				GCC_WARN_UNDECLARED_SELECTOR = YES;
				GCC_WARN_UNINITIALIZED_AUTOS = YES_AGGRESSIVE;
				GCC_WARN_UNUSED_FUNCTION = YES;
				GCC_WARN_UNUSED_VARIABLE = YES;
				IPHONEOS_DEPLOYMENT_TARGET = 7.1;
				ONLY_ACTIVE_ARCH = YES;
				SDKROOT = iphoneos;
			};
			name = Debug;
		};
		3C6959661914100D0033C56E /* Release */ = {
			isa = XCBuildConfiguration;
			buildSettings = {
				ALWAYS_SEARCH_USER_PATHS = NO;
				CLANG_CXX_LANGUAGE_STANDARD = "gnu++0x";
				CLANG_CXX_LIBRARY = "libc++";
				CLANG_ENABLE_MODULES = YES;
				CLANG_ENABLE_OBJC_ARC = YES;
				CLANG_WARN_BOOL_CONVERSION = YES;
				CLANG_WARN_CONSTANT_CONVERSION = YES;
				CLANG_WARN_DIRECT_OBJC_ISA_USAGE = YES_ERROR;
				CLANG_WARN_EMPTY_BODY = YES;
				CLANG_WARN_ENUM_CONVERSION = YES;
				CLANG_WARN_INT_CONVERSION = YES;
				CLANG_WARN_OBJC_ROOT_CLASS = YES_ERROR;
				CLANG_WARN__DUPLICATE_METHOD_MATCH = YES;
				"CODE_SIGN_IDENTITY[sdk=iphoneos*]" = "iPhone Developer";
				COPY_PHASE_STRIP = YES;
				ENABLE_NS_ASSERTIONS = NO;
				GCC_C_LANGUAGE_STANDARD = gnu99;
				GCC_WARN_64_TO_32_BIT_CONVERSION = YES;
				GCC_WARN_ABOUT_RETURN_TYPE = YES_ERROR;
				GCC_WARN_UNDECLARED_SELECTOR = YES;
				GCC_WARN_UNINITIALIZED_AUTOS = YES_AGGRESSIVE;
				GCC_WARN_UNUSED_FUNCTION = YES;
				GCC_WARN_UNUSED_VARIABLE = YES;
				IPHONEOS_DEPLOYMENT_TARGET = 7.1;
				SDKROOT = iphoneos;
				VALIDATE_PRODUCT = YES;
			};
			name = Release;
		};
		3C6959681914100D0033C56E /* Debug */ = {
			isa = XCBuildConfiguration;
			buildSettings = {
				ASSETCATALOG_COMPILER_APPICON_NAME = AppIcon;
				ASSETCATALOG_COMPILER_LAUNCHIMAGE_NAME = LaunchImage;
				GCC_PRECOMPILE_PREFIX_HEADER = YES;
				GCC_PREFIX_HEADER = "timescroller/timescroller-Prefix.pch";
				INFOPLIST_FILE = "timescroller/timescroller-Info.plist";
				PRODUCT_NAME = "$(TARGET_NAME)";
				WRAPPER_EXTENSION = app;
			};
			name = Debug;
		};
		3C6959691914100D0033C56E /* Release */ = {
			isa = XCBuildConfiguration;
			buildSettings = {
				ASSETCATALOG_COMPILER_APPICON_NAME = AppIcon;
				ASSETCATALOG_COMPILER_LAUNCHIMAGE_NAME = LaunchImage;
				GCC_PRECOMPILE_PREFIX_HEADER = YES;
				GCC_PREFIX_HEADER = "timescroller/timescroller-Prefix.pch";
				INFOPLIST_FILE = "timescroller/timescroller-Info.plist";
				PRODUCT_NAME = "$(TARGET_NAME)";
				WRAPPER_EXTENSION = app;
			};
			name = Release;
		};
		3C69596B1914100D0033C56E /* Debug */ = {
			isa = XCBuildConfiguration;
			buildSettings = {
				BUNDLE_LOADER = "$(BUILT_PRODUCTS_DIR)/timescroller.app/timescroller";
				FRAMEWORK_SEARCH_PATHS = (
					"$(SDKROOT)/Developer/Library/Frameworks",
					"$(inherited)",
					"$(DEVELOPER_FRAMEWORKS_DIR)",
				);
				GCC_PRECOMPILE_PREFIX_HEADER = YES;
				GCC_PREFIX_HEADER = "timescroller/timescroller-Prefix.pch";
				GCC_PREPROCESSOR_DEFINITIONS = (
					"DEBUG=1",
					"$(inherited)",
				);
				INFOPLIST_FILE = "timescrollerTests/timescrollerTests-Info.plist";
				PRODUCT_NAME = "$(TARGET_NAME)";
				TEST_HOST = "$(BUNDLE_LOADER)";
				WRAPPER_EXTENSION = xctest;
			};
			name = Debug;
		};
		3C69596C1914100D0033C56E /* Release */ = {
			isa = XCBuildConfiguration;
			buildSettings = {
				BUNDLE_LOADER = "$(BUILT_PRODUCTS_DIR)/timescroller.app/timescroller";
				FRAMEWORK_SEARCH_PATHS = (
					"$(SDKROOT)/Developer/Library/Frameworks",
					"$(inherited)",
					"$(DEVELOPER_FRAMEWORKS_DIR)",
				);
				GCC_PRECOMPILE_PREFIX_HEADER = YES;
				GCC_PREFIX_HEADER = "timescroller/timescroller-Prefix.pch";
				INFOPLIST_FILE = "timescrollerTests/timescrollerTests-Info.plist";
				PRODUCT_NAME = "$(TARGET_NAME)";
				TEST_HOST = "$(BUNDLE_LOADER)";
				WRAPPER_EXTENSION = xctest;
			};
			name = Release;
		};
/* End XCBuildConfiguration section */

/* Begin XCConfigurationList section */
		3C6959361914100D0033C56E /* Build configuration list for PBXProject "timescroller" */ = {
			isa = XCConfigurationList;
			buildConfigurations = (
				3C6959651914100D0033C56E /* Debug */,
				3C6959661914100D0033C56E /* Release */,
			);
			defaultConfigurationIsVisible = 0;
			defaultConfigurationName = Release;
		};
		3C6959671914100D0033C56E /* Build configuration list for PBXNativeTarget "timescroller" */ = {
			isa = XCConfigurationList;
			buildConfigurations = (
				3C6959681914100D0033C56E /* Debug */,
				3C6959691914100D0033C56E /* Release */,
			);
			defaultConfigurationIsVisible = 0;
			defaultConfigurationName = Release;
		};
		3C69596A1914100D0033C56E /* Build configuration list for PBXNativeTarget "timescrollerTests" */ = {
			isa = XCConfigurationList;
			buildConfigurations = (
				3C69596B1914100D0033C56E /* Debug */,
				3C69596C1914100D0033C56E /* Release */,
			);
			defaultConfigurationIsVisible = 0;
			defaultConfigurationName = Release;
		};
/* End XCConfigurationList section */
	};
	rootObject = 3C6959331914100D0033C56E /* Project object */;
}
